
Microsoft Visual Studio Solution File, Format Version 12.00
# Visual Studio 14
VisualStudioVersion = 14.0.25420.1
MinimumVisualStudioVersion = 10.0.40219.1
Project("{FAE04EC0-301F-11D3-BF4B-00C04F79EFBC}") = "MyListTest", "UnitTestProject1\MyListTest.csproj", "{9FCCE053-5016-4466-A6AC-DF3B9098C94B}"
EndProject
Project("{FAE04EC0-301F-11D3-BF4B-00C04F79EFBC}") = "MyList", "MyList\MyList.csproj", "{3DC15A17-CC9C-4F2F-95C6-3BDD98F9EE00}"
EndProject
Global
	GlobalSection(SolutionConfigurationPlatforms) = preSolution
		Debug|Any CPU = Debug|Any CPU
		Release|Any CPU = Release|Any CPU
	EndGlobalSection
	GlobalSection(ProjectConfigurationPlatforms) = postSolution
		{9FCCE053-5016-4466-A6AC-DF3B9098C94B}.Debug|Any CPU.ActiveCfg = Debug|Any CPU
		{9FCCE053-5016-4466-A6AC-DF3B9098C94B}.Debug|Any CPU.Build.0 = Debug|Any CPU
		{9FCCE053-5016-4466-A6AC-DF3B9098C94B}.Release|Any CPU.ActiveCfg = Release|Any CPU
		{9FCCE053-5016-4466-A6AC-DF3B9098C94B}.Release|Any CPU.Build.0 = Release|Any CPU
		{3DC15A17-CC9C-4F2F-95C6-3BDD98F9EE00}.Debug|Any CPU.ActiveCfg = Debug|Any CPU
		{3DC15A17-CC9C-4F2F-95C6-3BDD98F9EE00}.Debug|Any CPU.Build.0 = Debug|Any CPU
		{3DC15A17-CC9C-4F2F-95C6-3BDD98F9EE00}.Release|Any CPU.ActiveCfg = Release|Any CPU
		{3DC15A17-CC9C-4F2F-95C6-3BDD98F9EE00}.Release|Any CPU.Build.0 = Release|Any CPU
	EndGlobalSection
	GlobalSection(SolutionProperties) = preSolution
		HideSolutionNode = FALSE
	EndGlobalSection
EndGlobal
